
Microsoft Visual Studio Solution File, Format Version 12.00
# Visual Studio Version 17
VisualStudioVersion = 17.0.31903.59
MinimumVisualStudioVersion = 10.0.40219.1
Project("{9A19103F-16F7-4668-BE54-9A1E7A4F7556}") = "LetsMeet.WebApi", "LetsMeet.WebApi\LetsMeet.WebApi.csproj", "{4DB6F563-A43A-4099-B450-7B8D61519627}"
EndProject
Project("{00D1A9C2-B5F0-4AF3-8072-F6C62B433612}") = "LetsMeet.Database", "LetsMeet.Database\LetsMeet.Database.sqlproj", "{FDE9BB66-475F-4BB7-A087-E1698F144C9E}"
EndProject
Project("{9A19103F-16F7-4668-BE54-9A1E7A4F7556}") = "LetsMeet.Abstractions", "LetsMeet.Abstractions\LetsMeet.Abstractions.csproj", "{013300B3-BF1C-4572-B95E-33682823FA9A}"
EndProject
Project("{9A19103F-16F7-4668-BE54-9A1E7A4F7556}") = "LetsMeet.Store", "LetsMeet.Store\LetsMeet.Store.csproj", "{DBF4F0D7-D6BC-46BE-A46E-1C523AB69EF3}"
EndProject
Project("{9A19103F-16F7-4668-BE54-9A1E7A4F7556}") = "LetsMeet.Business", "LetsMeet.Business\LetsMeet.Business.csproj", "{BE5E7A06-B7AA-4537-8051-715956AE2B08}"
EndProject
Project("{9A19103F-16F7-4668-BE54-9A1E7A4F7556}") = "LetsMeet.Testing", "LetsMeet.Testing\LetsMeet.Testing.csproj", "{C02D1B0A-06B6-4D7D-A504-484B8D26672F}"
EndProject
Project("{E53339B2-1760-4266-BCC7-CA923CBCF16C}") = "docker-compose", "docker-compose.dcproj", "{60B3D617-6D5B-4443-9CAD-51BF593DCEFB}"
EndProject
Project("{FAE04EC0-301F-11D3-BF4B-00C04F79EFBC}") = "LetsMeet.RabitMQSubscriberr", "..\LetsMeet.RabitMQSubscriberr\LetsMeet.RabitMQSubscriberr.csproj", "{F090AA8F-ECCB-45DE-A0B3-E0DA48F3D32B}"
EndProject
Project("{9A19103F-16F7-4668-BE54-9A1E7A4F7556}") = "LetsMeet.RabbitMqSubs", "..\LetsMeet.RabbitMqSubs\LetsMeet.RabbitMqSubs.csproj", "{78F5324E-CE2C-42B5-9CEF-ACDE9D9F956D}"
EndProject
Project("{9A19103F-16F7-4668-BE54-9A1E7A4F7556}") = "LetsMeet.Redis", "LetsMeet.Redis\LetsMeet.Redis.csproj", "{92FE10FA-BF7A-47C5-B67B-436B1E5E3F88}"
EndProject
Project("{FAE04EC0-301F-11D3-BF4B-00C04F79EFBC}") = "LetsMeet.Notifications", "LetsMeet.Notifications\LetsMeet.Notifications.csproj", "{F8CD3041-8CD0-40B9-9EEF-4C7D2E807EE9}"
EndProject
Project("{2150E333-8FDC-42A3-9474-1A3956D46DE8}") = "Company", "Company", "{801F9B86-3672-48E9-85FC-B67F305059C3}"
EndProject
Project("{FAE04EC0-301F-11D3-BF4B-00C04F79EFBC}") = "LetsMeet.Company.WebApi", "LetsMeet.Company.WebApi\LetsMeet.Company.WebApi.csproj", "{2EC4CADB-D106-4A3D-A5C1-FA954DBBD853}"
EndProject
Global
	GlobalSection(SolutionConfigurationPlatforms) = preSolution
		Debug|Any CPU = Debug|Any CPU
		Release|Any CPU = Release|Any CPU
	EndGlobalSection
	GlobalSection(ProjectConfigurationPlatforms) = postSolution
		{4DB6F563-A43A-4099-B450-7B8D61519627}.Debug|Any CPU.ActiveCfg = Debug|Any CPU
		{4DB6F563-A43A-4099-B450-7B8D61519627}.Debug|Any CPU.Build.0 = Debug|Any CPU
		{4DB6F563-A43A-4099-B450-7B8D61519627}.Release|Any CPU.ActiveCfg = Release|Any CPU
		{4DB6F563-A43A-4099-B450-7B8D61519627}.Release|Any CPU.Build.0 = Release|Any CPU
		{FDE9BB66-475F-4BB7-A087-E1698F144C9E}.Debug|Any CPU.ActiveCfg = Debug|Any CPU
		{FDE9BB66-475F-4BB7-A087-E1698F144C9E}.Debug|Any CPU.Build.0 = Debug|Any CPU
		{FDE9BB66-475F-4BB7-A087-E1698F144C9E}.Debug|Any CPU.Deploy.0 = Debug|Any CPU
		{FDE9BB66-475F-4BB7-A087-E1698F144C9E}.Release|Any CPU.ActiveCfg = Release|Any CPU
		{FDE9BB66-475F-4BB7-A087-E1698F144C9E}.Release|Any CPU.Build.0 = Release|Any CPU
		{FDE9BB66-475F-4BB7-A087-E1698F144C9E}.Release|Any CPU.Deploy.0 = Release|Any CPU
		{013300B3-BF1C-4572-B95E-33682823FA9A}.Debug|Any CPU.ActiveCfg = Debug|Any CPU
		{013300B3-BF1C-4572-B95E-33682823FA9A}.Debug|Any CPU.Build.0 = Debug|Any CPU
		{013300B3-BF1C-4572-B95E-33682823FA9A}.Release|Any CPU.ActiveCfg = Release|Any CPU
		{013300B3-BF1C-4572-B95E-33682823FA9A}.Release|Any CPU.Build.0 = Release|Any CPU
		{DBF4F0D7-D6BC-46BE-A46E-1C523AB69EF3}.Debug|Any CPU.ActiveCfg = Debug|Any CPU
		{DBF4F0D7-D6BC-46BE-A46E-1C523AB69EF3}.Debug|Any CPU.Build.0 = Debug|Any CPU
		{DBF4F0D7-D6BC-46BE-A46E-1C523AB69EF3}.Release|Any CPU.ActiveCfg = Release|Any CPU
		{DBF4F0D7-D6BC-46BE-A46E-1C523AB69EF3}.Release|Any CPU.Build.0 = Release|Any CPU
		{BE5E7A06-B7AA-4537-8051-715956AE2B08}.Debug|Any CPU.ActiveCfg = Debug|Any CPU
		{BE5E7A06-B7AA-4537-8051-715956AE2B08}.Debug|Any CPU.Build.0 = Debug|Any CPU
		{BE5E7A06-B7AA-4537-8051-715956AE2B08}.Release|Any CPU.ActiveCfg = Release|Any CPU
		{BE5E7A06-B7AA-4537-8051-715956AE2B08}.Release|Any CPU.Build.0 = Release|Any CPU
		{C02D1B0A-06B6-4D7D-A504-484B8D26672F}.Debug|Any CPU.ActiveCfg = Debug|Any CPU
		{C02D1B0A-06B6-4D7D-A504-484B8D26672F}.Debug|Any CPU.Build.0 = Debug|Any CPU
		{C02D1B0A-06B6-4D7D-A504-484B8D26672F}.Release|Any CPU.ActiveCfg = Release|Any CPU
		{C02D1B0A-06B6-4D7D-A504-484B8D26672F}.Release|Any CPU.Build.0 = Release|Any CPU
		{60B3D617-6D5B-4443-9CAD-51BF593DCEFB}.Debug|Any CPU.ActiveCfg = Debug|Any CPU
		{60B3D617-6D5B-4443-9CAD-51BF593DCEFB}.Debug|Any CPU.Build.0 = Debug|Any CPU
		{60B3D617-6D5B-4443-9CAD-51BF593DCEFB}.Release|Any CPU.ActiveCfg = Release|Any CPU
		{60B3D617-6D5B-4443-9CAD-51BF593DCEFB}.Release|Any CPU.Build.0 = Release|Any CPU
		{F090AA8F-ECCB-45DE-A0B3-E0DA48F3D32B}.Debug|Any CPU.ActiveCfg = Debug|Any CPU
		{F090AA8F-ECCB-45DE-A0B3-E0DA48F3D32B}.Debug|Any CPU.Build.0 = Debug|Any CPU
		{F090AA8F-ECCB-45DE-A0B3-E0DA48F3D32B}.Release|Any CPU.ActiveCfg = Release|Any CPU
		{F090AA8F-ECCB-45DE-A0B3-E0DA48F3D32B}.Release|Any CPU.Build.0 = Release|Any CPU
		{78F5324E-CE2C-42B5-9CEF-ACDE9D9F956D}.Debug|Any CPU.ActiveCfg = Debug|Any CPU
		{78F5324E-CE2C-42B5-9CEF-ACDE9D9F956D}.Debug|Any CPU.Build.0 = Debug|Any CPU
		{78F5324E-CE2C-42B5-9CEF-ACDE9D9F956D}.Release|Any CPU.ActiveCfg = Release|Any CPU
		{78F5324E-CE2C-42B5-9CEF-ACDE9D9F956D}.Release|Any CPU.Build.0 = Release|Any CPU
		{92FE10FA-BF7A-47C5-B67B-436B1E5E3F88}.Debug|Any CPU.ActiveCfg = Debug|Any CPU
		{92FE10FA-BF7A-47C5-B67B-436B1E5E3F88}.Debug|Any CPU.Build.0 = Debug|Any CPU
		{92FE10FA-BF7A-47C5-B67B-436B1E5E3F88}.Release|Any CPU.ActiveCfg = Release|Any CPU
		{92FE10FA-BF7A-47C5-B67B-436B1E5E3F88}.Release|Any CPU.Build.0 = Release|Any CPU
		{F8CD3041-8CD0-40B9-9EEF-4C7D2E807EE9}.Debug|Any CPU.ActiveCfg = Debug|Any CPU
		{F8CD3041-8CD0-40B9-9EEF-4C7D2E807EE9}.Debug|Any CPU.Build.0 = Debug|Any CPU
		{F8CD3041-8CD0-40B9-9EEF-4C7D2E807EE9}.Release|Any CPU.ActiveCfg = Release|Any CPU
		{F8CD3041-8CD0-40B9-9EEF-4C7D2E807EE9}.Release|Any CPU.Build.0 = Release|Any CPU
		{2EC4CADB-D106-4A3D-A5C1-FA954DBBD853}.Debug|Any CPU.ActiveCfg = Debug|Any CPU
		{2EC4CADB-D106-4A3D-A5C1-FA954DBBD853}.Debug|Any CPU.Build.0 = Debug|Any CPU
		{2EC4CADB-D106-4A3D-A5C1-FA954DBBD853}.Release|Any CPU.ActiveCfg = Release|Any CPU
		{2EC4CADB-D106-4A3D-A5C1-FA954DBBD853}.Release|Any CPU.Build.0 = Release|Any CPU
	EndGlobalSection
	GlobalSection(SolutionProperties) = preSolution
		HideSolutionNode = FALSE
	EndGlobalSection
	GlobalSection(NestedProjects) = preSolution
		{2EC4CADB-D106-4A3D-A5C1-FA954DBBD853} = {801F9B86-3672-48E9-85FC-B67F305059C3}
	EndGlobalSection
	GlobalSection(ExtensibilityGlobals) = postSolution
		SolutionGuid = {89D31D5D-F28D-4C7B-B340-976B18D6C1EC}
	EndGlobalSection
EndGlobal
